
Microsoft Visual Studio Solution File, Format Version 12.00
# Visual Studio Version 16
VisualStudioVersion = 16.0.31702.278
MinimumVisualStudioVersion = 10.0.40219.1
Project("{FAE04EC0-301F-11D3-BF4B-00C04F79EFBC}") = "MiCalculadora", "MiCalculadora\MiCalculadora.csproj", "{CCA88249-C48E-434D-BCBF-BBF77ECB4102}"
EndProject
Project("{FAE04EC0-301F-11D3-BF4B-00C04F79EFBC}") = "Entidades", "..\Entidades\Entidades.csproj", "{143C7000-CD14-4535-B879-672CE6C731B6}"
EndProject
Global
	GlobalSection(SolutionConfigurationPlatforms) = preSolution
		Debug|Any CPU = Debug|Any CPU
		Release|Any CPU = Release|Any CPU
	EndGlobalSection
	GlobalSection(ProjectConfigurationPlatforms) = postSolution
		{CCA88249-C48E-434D-BCBF-BBF77ECB4102}.Debug|Any CPU.ActiveCfg = Debug|Any CPU
		{CCA88249-C48E-434D-BCBF-BBF77ECB4102}.Debug|Any CPU.Build.0 = Debug|Any CPU
		{CCA88249-C48E-434D-BCBF-BBF77ECB4102}.Release|Any CPU.ActiveCfg = Release|Any CPU
		{CCA88249-C48E-434D-BCBF-BBF77ECB4102}.Release|Any CPU.Build.0 = Release|Any CPU
		{143C7000-CD14-4535-B879-672CE6C731B6}.Debug|Any CPU.ActiveCfg = Debug|Any CPU
		{143C7000-CD14-4535-B879-672CE6C731B6}.Debug|Any CPU.Build.0 = Debug|Any CPU
		{143C7000-CD14-4535-B879-672CE6C731B6}.Release|Any CPU.ActiveCfg = Release|Any CPU
		{143C7000-CD14-4535-B879-672CE6C731B6}.Release|Any CPU.Build.0 = Release|Any CPU
	EndGlobalSection
	GlobalSection(SolutionProperties) = preSolution
		HideSolutionNode = FALSE
	EndGlobalSection
	GlobalSection(ExtensibilityGlobals) = postSolution
		SolutionGuid = {8F06FF3B-8073-4EC2-ABF3-49C2DFA86451}
	EndGlobalSection
EndGlobal
